
Microsoft Visual Studio Solution File, Format Version 12.00
# Visual Studio 15
VisualStudioVersion = 15.0.28010.2016
MinimumVisualStudioVersion = 10.0.40219.1
Project("{8BC9CEB8-8B4A-11D0-8D11-00A0C91BC942}") = "CMAC-LEA-128", "CMAC-LEA-128\CMAC-LEA-128.vcxproj", "{7ACF68F6-0A92-41F5-B242-A9D8037B6AB4}"
EndProject
Global
	GlobalSection(SolutionConfigurationPlatforms) = preSolution
		Debug|x64 = Debug|x64
		Debug|x86 = Debug|x86
		Release|x64 = Release|x64
		Release|x86 = Release|x86
	EndGlobalSection
	GlobalSection(ProjectConfigurationPlatforms) = postSolution
		{7ACF68F6-0A92-41F5-B242-A9D8037B6AB4}.Debug|x64.ActiveCfg = Debug|x64
		{7ACF68F6-0A92-41F5-B242-A9D8037B6AB4}.Debug|x64.Build.0 = Debug|x64
		{7ACF68F6-0A92-41F5-B242-A9D8037B6AB4}.Debug|x86.ActiveCfg = Debug|Win32
		{7ACF68F6-0A92-41F5-B242-A9D8037B6AB4}.Debug|x86.Build.0 = Debug|Win32
		{7ACF68F6-0A92-41F5-B242-A9D8037B6AB4}.Release|x64.ActiveCfg = Release|x64
		{7ACF68F6-0A92-41F5-B242-A9D8037B6AB4}.Release|x64.Build.0 = Release|x64
		{7ACF68F6-0A92-41F5-B242-A9D8037B6AB4}.Release|x86.ActiveCfg = Release|Win32
		{7ACF68F6-0A92-41F5-B242-A9D8037B6AB4}.Release|x86.Build.0 = Release|Win32
	EndGlobalSection
	GlobalSection(SolutionProperties) = preSolution
		HideSolutionNode = FALSE
	EndGlobalSection
	GlobalSection(ExtensibilityGlobals) = postSolution
		SolutionGuid = {852DC22E-B95C-423F-8DC4-C6C480F4A9C2}
	EndGlobalSection
EndGlobal
